
Microsoft Visual Studio Solution File, Format Version 12.00
# Visual Studio Version 17
VisualStudioVersion = 17.14.36202.13 d17.14
MinimumVisualStudioVersion = 10.0.40219.1
Project("{FAE04EC0-301F-11D3-BF4B-00C04F79EFBC}") = "CounterApp", "CounterApp\CounterApp.csproj", "{C6BFF757-7E56-4E1F-90BD-C08124A59E7F}"
EndProject
Global
	GlobalSection(SolutionConfigurationPlatforms) = preSolution
		Debug|Any CPU = Debug|Any CPU
		Release|Any CPU = Release|Any CPU
	EndGlobalSection
	GlobalSection(ProjectConfigurationPlatforms) = postSolution
		{C6BFF757-7E56-4E1F-90BD-C08124A59E7F}.Debug|Any CPU.ActiveCfg = Debug|Any CPU
		{C6BFF757-7E56-4E1F-90BD-C08124A59E7F}.Debug|Any CPU.Build.0 = Debug|Any CPU
		{C6BFF757-7E56-4E1F-90BD-C08124A59E7F}.Release|Any CPU.ActiveCfg = Release|Any CPU
		{C6BFF757-7E56-4E1F-90BD-C08124A59E7F}.Release|Any CPU.Build.0 = Release|Any CPU
	EndGlobalSection
	GlobalSection(SolutionProperties) = preSolution
		HideSolutionNode = FALSE
	EndGlobalSection
	GlobalSection(ExtensibilityGlobals) = postSolution
		SolutionGuid = {480D7008-499B-444D-92C1-59CF5CC7F2FE}
	EndGlobalSection
EndGlobal
