
Microsoft Visual Studio Solution File, Format Version 12.00
# Visual Studio Version 17
VisualStudioVersion = 17.14.36202.13 d17.14
MinimumVisualStudioVersion = 10.0.40219.1
Project("{FAE04EC0-301F-11D3-BF4B-00C04F79EFBC}") = "ArithmeticApp", "ArithmeticApp\ArithmeticApp.csproj", "{3475B4FA-9780-46AF-9995-1E78ADB3DC46}"
EndProject
Global
	GlobalSection(SolutionConfigurationPlatforms) = preSolution
		Debug|Any CPU = Debug|Any CPU
		Release|Any CPU = Release|Any CPU
	EndGlobalSection
	GlobalSection(ProjectConfigurationPlatforms) = postSolution
		{3475B4FA-9780-46AF-9995-1E78ADB3DC46}.Debug|Any CPU.ActiveCfg = Debug|Any CPU
		{3475B4FA-9780-46AF-9995-1E78ADB3DC46}.Debug|Any CPU.Build.0 = Debug|Any CPU
		{3475B4FA-9780-46AF-9995-1E78ADB3DC46}.Release|Any CPU.ActiveCfg = Release|Any CPU
		{3475B4FA-9780-46AF-9995-1E78ADB3DC46}.Release|Any CPU.Build.0 = Release|Any CPU
	EndGlobalSection
	GlobalSection(SolutionProperties) = preSolution
		HideSolutionNode = FALSE
	EndGlobalSection
	GlobalSection(ExtensibilityGlobals) = postSolution
		SolutionGuid = {064FC484-1506-4682-A2F7-904B38CE6570}
	EndGlobalSection
EndGlobal
